
Microsoft Visual Studio Solution File, Format Version 12.00
# Visual Studio Version 16
VisualStudioVersion = 16.0.34031.81
MinimumVisualStudioVersion = 10.0.40219.1
Project("{FAE04EC0-301F-11D3-BF4B-00C04F79EFBC}") = "Proiect", "Proiect\Proiect.csproj", "{F3E5DFD9-98C0-4C22-8251-26DCCA770B89}"
EndProject
Global
	GlobalSection(SolutionConfigurationPlatforms) = preSolution
		Debug|Any CPU = Debug|Any CPU
		Release|Any CPU = Release|Any CPU
	EndGlobalSection
	GlobalSection(ProjectConfigurationPlatforms) = postSolution
		{F3E5DFD9-98C0-4C22-8251-26DCCA770B89}.Debug|Any CPU.ActiveCfg = Debug|Any CPU
		{F3E5DFD9-98C0-4C22-8251-26DCCA770B89}.Debug|Any CPU.Build.0 = Debug|Any CPU
		{F3E5DFD9-98C0-4C22-8251-26DCCA770B89}.Release|Any CPU.ActiveCfg = Release|Any CPU
		{F3E5DFD9-98C0-4C22-8251-26DCCA770B89}.Release|Any CPU.Build.0 = Release|Any CPU
	EndGlobalSection
	GlobalSection(SolutionProperties) = preSolution
		HideSolutionNode = FALSE
	EndGlobalSection
	GlobalSection(ExtensibilityGlobals) = postSolution
		SolutionGuid = {B5E9F10E-8F99-4C72-A4D4-457128A75014}
	EndGlobalSection
EndGlobal
